
Microsoft Visual Studio Solution File, Format Version 12.00
# Visual Studio Version 17
VisualStudioVersion = 17.10.35013.160
MinimumVisualStudioVersion = 10.0.40219.1
Project("{FAE04EC0-301F-11D3-BF4B-00C04F79EFBC}") = "UP3", "UP3.csproj", "{D5EB0E41-4A2A-4F3F-8740-1ED9666A030F}"
EndProject
Global
	GlobalSection(SolutionConfigurationPlatforms) = preSolution
		Debug|Any CPU = Debug|Any CPU
		Release|Any CPU = Release|Any CPU
	EndGlobalSection
	GlobalSection(ProjectConfigurationPlatforms) = postSolution
		{D5EB0E41-4A2A-4F3F-8740-1ED9666A030F}.Debug|Any CPU.ActiveCfg = Debug|Any CPU
		{D5EB0E41-4A2A-4F3F-8740-1ED9666A030F}.Debug|Any CPU.Build.0 = Debug|Any CPU
		{D5EB0E41-4A2A-4F3F-8740-1ED9666A030F}.Release|Any CPU.ActiveCfg = Release|Any CPU
		{D5EB0E41-4A2A-4F3F-8740-1ED9666A030F}.Release|Any CPU.Build.0 = Release|Any CPU
	EndGlobalSection
	GlobalSection(SolutionProperties) = preSolution
		HideSolutionNode = FALSE
	EndGlobalSection
	GlobalSection(ExtensibilityGlobals) = postSolution
		SolutionGuid = {AE4FBD17-40AB-4BFF-862D-1BD6AF5E4BA4}
	EndGlobalSection
EndGlobal
